{
    "_readme": [
        "This file locks the dependencies of your project to a known state",
        "Read more about it at https://getcomposer.org/doc/01-basic-usage.md#composer-lock-the-lock-file",
        "This file is @generated automatically"
    ],
    "hash": "53ba778b83a68763404da03a3da1a819",
    "content-hash": "8c2becdc4e9cccdf8fa57890a20fdf35",
    "packages": [
        {
            "name": "aura/session",
            "version": "2.1.0",
            "source": {
                "type": "git",
                "url": "https://github.com/auraphp/Aura.Session.git",
                "reference": "7d2f7d41ad693970b5b6b83facca0961d3378883"
            },
            "dist": {
                "type": "zip",
                "url": "https://api.github.com/repos/auraphp/Aura.Session/zipball/7d2f7d41ad693970b5b6b83facca0961d3378883",
                "reference": "7d2f7d41ad693970b5b6b83facca0961d3378883",
                "shasum": ""
            },
            "require": {
                "php": ">=5.3.0"
            },
            "require-dev": {
                "aura/di": "~2.0"
            },
            "suggest": {
                "ext-mcrypt": "Mcrypt generates the next best secure CSRF tokens.",
                "ext-openssl": "OpenSSL generates the best secure CSRF tokens.",
                "ircmaxell/random-lib": "A Library For Generating Secure Random Numbers",
                "paragonie/random_compat": "PHP 5.x polyfill for random_bytes() and random_int() from PHP 7"
            },
            "type": "library",
            "extra": {
                "aura": {
                    "type": "library",
                    "config": {
                        "common": "Aura\\Session\\_Config\\Common"
                    }
                }
            },
            "autoload": {
                "psr-4": {
                    "Aura\\Session\\": "src/",
                    "Aura\\Session\\_Config\\": "config/"
                }
            },
            "notification-url": "https://packagist.org/downloads/",
            "license": [
                "BSD-2-Clause"
            ],
            "authors": [
                {
                    "name": "Aura.Session Contributors",
                    "homepage": "https://github.com/auraphp/Aura.Session/contributors"
                }
            ],
            "description": "Provides session management functionality, including lazy session starting, session segments, next-request-only (\"flash\") values, and CSRF tools.",
            "homepage": "https://github.com/auraphp/Aura.Session",
            "keywords": [
                "csrf",
                "flash",
                "flash message",
                "session",
                "sessions"
            ],
            "time": "2016-10-03 20:28:32"
        },
        {
            "name": "phpoffice/phpexcel",
            "version": "1.8.1",
            "source": {
                "type": "git",
                "url": "https://github.com/PHPOffice/PHPExcel.git",
                "reference": "372c7cbb695a6f6f1e62649381aeaa37e7e70b32"
            },
            "dist": {
                "type": "zip",
                "url": "https://api.github.com/repos/PHPOffice/PHPExcel/zipball/372c7cbb695a6f6f1e62649381aeaa37e7e70b32",
                "reference": "372c7cbb695a6f6f1e62649381aeaa37e7e70b32",
                "shasum": ""
            },
            "require": {
                "ext-xml": "*",
                "ext-xmlwriter": "*",
                "php": ">=5.2.0"
            },
            "type": "library",
            "autoload": {
                "psr-0": {
                    "PHPExcel": "Classes/"
                }
            },
            "notification-url": "https://packagist.org/downloads/",
            "license": [
                "LGPL"
            ],
            "authors": [
                {
                    "name": "Maarten Balliauw",
                    "homepage": "http://blog.maartenballiauw.be"
                },
                {
                    "name": "Mark Baker"
                },
                {
                    "name": "Franck Lefevre",
                    "homepage": "http://blog.rootslabs.net"
                },
                {
                    "name": "Erik Tilt"
                }
            ],
            "description": "PHPExcel - OpenXML - Read, Create and Write Spreadsheet documents in PHP - Spreadsheet engine",
            "homepage": "http://phpexcel.codeplex.com",
            "keywords": [
                "OpenXML",
                "excel",
                "php",
                "spreadsheet",
                "xls",
                "xlsx"
            ],
            "time": "2015-05-01 07:00:55"
        },
        {
            "name": "vlucas/valitron",
            "version": "v1.2.5",
            "source": {
                "type": "git",
                "url": "https://github.com/vlucas/valitron.git",
                "reference": "bb181072f427c1ba2ec8b433a0c35b60e99e207e"
            },
            "dist": {
                "type": "zip",
                "url": "https://api.github.com/repos/vlucas/valitron/zipball/bb181072f427c1ba2ec8b433a0c35b60e99e207e",
                "reference": "bb181072f427c1ba2ec8b433a0c35b60e99e207e",
                "shasum": ""
            },
            "require": {
                "php": ">=5.3.2"
            },
            "require-dev": {
                "phpunit/phpunit": "~4.0"
            },
            "type": "library",
            "autoload": {
                "psr-0": {
                    "Valitron": "src/"
                }
            },
            "notification-url": "https://packagist.org/downloads/",
            "license": [
                "BSD"
            ],
            "authors": [
                {
                    "name": "Vance Lucas",
                    "email": "vance@vancelucas.com",
                    "homepage": "http://www.vancelucas.com"
                }
            ],
            "description": "Simple, elegant, stand-alone validation library with NO dependencies",
            "homepage": "http://github.com/vlucas/valitron",
            "keywords": [
                "valid",
                "validation",
                "validator"
            ],
            "time": "2016-03-15 21:14:19"
        }
    ],
    "packages-dev": [],
    "aliases": [],
    "minimum-stability": "stable",
    "stability-flags": [],
    "prefer-stable": false,
    "prefer-lowest": false,
    "platform": [],
    "platform-dev": []
}
